
Microsoft Visual Studio Solution File, Format Version 11.00
# Visual Studio 2010
Project("{FAE04EC0-301F-11D3-BF4B-00C04F79EFBC}") = "DemoPico", "Assembly-CSharp.csproj", "{50E9934C-598B-8123-CFA3-ED56D1DA3D0E}"
EndProject
Project("{FAE04EC0-301F-11D3-BF4B-00C04F79EFBC}") = "DemoPico", "Assembly-CSharp-Editor-firstpass.csproj", "{57E09C3F-4185-B00B-9B60-0490A677D438}"
EndProject
Project("{FAE04EC0-301F-11D3-BF4B-00C04F79EFBC}") = "DemoPico", "Assembly-CSharp-Editor.csproj", "{93F596DF-6D71-4FDE-8325-72CA31B51876}"
EndProject
Global
	GlobalSection(SolutionConfigurationPlatforms) = preSolution
		Debug|Any CPU = Debug|Any CPU
		Release|Any CPU = Release|Any CPU
	EndGlobalSection
	GlobalSection(ProjectConfigurationPlatforms) = postSolution
		{50E9934C-598B-8123-CFA3-ED56D1DA3D0E}.Debug|Any CPU.ActiveCfg = Debug|Any CPU
		{50E9934C-598B-8123-CFA3-ED56D1DA3D0E}.Debug|Any CPU.Build.0 = Debug|Any CPU
		{50E9934C-598B-8123-CFA3-ED56D1DA3D0E}.Release|Any CPU.ActiveCfg = Release|Any CPU
		{50E9934C-598B-8123-CFA3-ED56D1DA3D0E}.Release|Any CPU.Build.0 = Release|Any CPU
		{57E09C3F-4185-B00B-9B60-0490A677D438}.Debug|Any CPU.ActiveCfg = Debug|Any CPU
		{57E09C3F-4185-B00B-9B60-0490A677D438}.Debug|Any CPU.Build.0 = Debug|Any CPU
		{57E09C3F-4185-B00B-9B60-0490A677D438}.Release|Any CPU.ActiveCfg = Release|Any CPU
		{57E09C3F-4185-B00B-9B60-0490A677D438}.Release|Any CPU.Build.0 = Release|Any CPU
		{93F596DF-6D71-4FDE-8325-72CA31B51876}.Debug|Any CPU.ActiveCfg = Debug|Any CPU
		{93F596DF-6D71-4FDE-8325-72CA31B51876}.Debug|Any CPU.Build.0 = Debug|Any CPU
		{93F596DF-6D71-4FDE-8325-72CA31B51876}.Release|Any CPU.ActiveCfg = Release|Any CPU
		{93F596DF-6D71-4FDE-8325-72CA31B51876}.Release|Any CPU.Build.0 = Release|Any CPU
	EndGlobalSection
	GlobalSection(SolutionProperties) = preSolution
		HideSolutionNode = FALSE
	EndGlobalSection
	GlobalSection(MonoDevelopProperties) = preSolution
		StartupItem = Assembly-CSharp.csproj
	EndGlobalSection
EndGlobal
