
Microsoft Visual Studio Solution File, Format Version 11.00
# Visual Studio 2010
Project("{FAE04EC0-301F-11D3-BF4B-00C04F79EFBC}") = "pico2", "Assembly-CSharp.csproj", "{767D2559-024B-004E-E859-D663BE757F77}"
EndProject
Project("{FAE04EC0-301F-11D3-BF4B-00C04F79EFBC}") = "pico2", "Assembly-CSharp-Editor-firstpass.csproj", "{D552597C-F28C-D990-DA9C-B0F05B001CE0}"
EndProject
Project("{FAE04EC0-301F-11D3-BF4B-00C04F79EFBC}") = "pico2", "Assembly-CSharp-Editor.csproj", "{CE80794C-9E71-8A69-0802-77A1FD31514C}"
EndProject
Global
	GlobalSection(SolutionConfigurationPlatforms) = preSolution
		Debug|Any CPU = Debug|Any CPU
		Release|Any CPU = Release|Any CPU
	EndGlobalSection
	GlobalSection(ProjectConfigurationPlatforms) = postSolution
		{767D2559-024B-004E-E859-D663BE757F77}.Debug|Any CPU.ActiveCfg = Debug|Any CPU
		{767D2559-024B-004E-E859-D663BE757F77}.Debug|Any CPU.Build.0 = Debug|Any CPU
		{767D2559-024B-004E-E859-D663BE757F77}.Release|Any CPU.ActiveCfg = Release|Any CPU
		{767D2559-024B-004E-E859-D663BE757F77}.Release|Any CPU.Build.0 = Release|Any CPU
		{D552597C-F28C-D990-DA9C-B0F05B001CE0}.Debug|Any CPU.ActiveCfg = Debug|Any CPU
		{D552597C-F28C-D990-DA9C-B0F05B001CE0}.Debug|Any CPU.Build.0 = Debug|Any CPU
		{D552597C-F28C-D990-DA9C-B0F05B001CE0}.Release|Any CPU.ActiveCfg = Release|Any CPU
		{D552597C-F28C-D990-DA9C-B0F05B001CE0}.Release|Any CPU.Build.0 = Release|Any CPU
		{CE80794C-9E71-8A69-0802-77A1FD31514C}.Debug|Any CPU.ActiveCfg = Debug|Any CPU
		{CE80794C-9E71-8A69-0802-77A1FD31514C}.Debug|Any CPU.Build.0 = Debug|Any CPU
		{CE80794C-9E71-8A69-0802-77A1FD31514C}.Release|Any CPU.ActiveCfg = Release|Any CPU
		{CE80794C-9E71-8A69-0802-77A1FD31514C}.Release|Any CPU.Build.0 = Release|Any CPU
	EndGlobalSection
	GlobalSection(SolutionProperties) = preSolution
		HideSolutionNode = FALSE
	EndGlobalSection
	GlobalSection(MonoDevelopProperties) = preSolution
		StartupItem = Assembly-CSharp.csproj
	EndGlobalSection
EndGlobal
